<Solution>
  <Configurations>
    <Platform Name="x64" />
    <Platform Name="x86" />
  </Configurations>
  <Folder Name="/Элементы решения/">
    <File Path="data.txt" />
  </Folder>
  <Project Path="main-project/main-project.vcxproj" Id="c38a2759-40d2-4696-81b1-58015c5249ba" />
  <Project Path="unit-test-project/unit-test-project.vcxproj" />
</Solution>
